
Microsoft Visual Studio Solution File, Format Version 12.00
# Visual Studio Version 17
VisualStudioVersion = 17.1.32328.378
MinimumVisualStudioVersion = 10.0.40219.1
Project("{FAE04EC0-301F-11D3-BF4B-00C04F79EFBC}") = "Projem2022", "Projem2022\Projem2022.csproj", "{A88DD215-9186-4CC9-B321-FF3AA4C167A2}"
EndProject
Global
	GlobalSection(SolutionConfigurationPlatforms) = preSolution
		Debug|Any CPU = Debug|Any CPU
		Release|Any CPU = Release|Any CPU
	EndGlobalSection
	GlobalSection(ProjectConfigurationPlatforms) = postSolution
		{A88DD215-9186-4CC9-B321-FF3AA4C167A2}.Debug|Any CPU.ActiveCfg = Debug|Any CPU
		{A88DD215-9186-4CC9-B321-FF3AA4C167A2}.Debug|Any CPU.Build.0 = Debug|Any CPU
		{A88DD215-9186-4CC9-B321-FF3AA4C167A2}.Release|Any CPU.ActiveCfg = Release|Any CPU
		{A88DD215-9186-4CC9-B321-FF3AA4C167A2}.Release|Any CPU.Build.0 = Release|Any CPU
	EndGlobalSection
	GlobalSection(SolutionProperties) = preSolution
		HideSolutionNode = FALSE
	EndGlobalSection
	GlobalSection(ExtensibilityGlobals) = postSolution
		SolutionGuid = {36D3B62D-66F5-49FE-A457-69FF14A51457}
	EndGlobalSection
EndGlobal
